
Microsoft Visual Studio Solution File, Format Version 12.00
# Visual Studio Version 16
VisualStudioVersion = 16.0.31911.196
MinimumVisualStudioVersion = 10.0.40219.1
Project("{FAE04EC0-301F-11D3-BF4B-00C04F79EFBC}") = "FrameworkRepository", "FrameworkRepository\FrameworkRepository.csproj", "{CC25992A-C47C-4678-B57D-14D8CCE257E8}"
EndProject
Project("{FAE04EC0-301F-11D3-BF4B-00C04F79EFBC}") = "FrameworkRepository.Tests", "FrameworkRepository.Tests\FrameworkRepository.Tests.csproj", "{48289916-8152-4462-AED9-19E7A8D404DD}"
EndProject
Global
	GlobalSection(SolutionConfigurationPlatforms) = preSolution
		Debug|Any CPU = Debug|Any CPU
		Release|Any CPU = Release|Any CPU
	EndGlobalSection
	GlobalSection(ProjectConfigurationPlatforms) = postSolution
		{CC25992A-C47C-4678-B57D-14D8CCE257E8}.Debug|Any CPU.ActiveCfg = Debug|Any CPU
		{CC25992A-C47C-4678-B57D-14D8CCE257E8}.Debug|Any CPU.Build.0 = Debug|Any CPU
		{CC25992A-C47C-4678-B57D-14D8CCE257E8}.Release|Any CPU.ActiveCfg = Release|Any CPU
		{CC25992A-C47C-4678-B57D-14D8CCE257E8}.Release|Any CPU.Build.0 = Release|Any CPU
		{48289916-8152-4462-AED9-19E7A8D404DD}.Debug|Any CPU.ActiveCfg = Debug|Any CPU
		{48289916-8152-4462-AED9-19E7A8D404DD}.Debug|Any CPU.Build.0 = Debug|Any CPU
		{48289916-8152-4462-AED9-19E7A8D404DD}.Release|Any CPU.ActiveCfg = Release|Any CPU
		{48289916-8152-4462-AED9-19E7A8D404DD}.Release|Any CPU.Build.0 = Release|Any CPU
	EndGlobalSection
	GlobalSection(SolutionProperties) = preSolution
		HideSolutionNode = FALSE
	EndGlobalSection
	GlobalSection(ExtensibilityGlobals) = postSolution
		SolutionGuid = {8BEBAD59-07BA-4393-A872-7E94600D2040}
	EndGlobalSection
EndGlobal
